
Microsoft Visual Studio Solution File, Format Version 12.00
# Visual Studio 15
VisualStudioVersion = 15.0.28307.271
MinimumVisualStudioVersion = 10.0.40219.1
Project("{FAE04EC0-301F-11D3-BF4B-00C04F79EFBC}") = "testerapp", "testerapp\testerapp.csproj", "{911CF8BC-30BA-4857-A52B-C33879086ADD}"
EndProject
Global
	GlobalSection(SolutionConfigurationPlatforms) = preSolution
		Debug|Any CPU = Debug|Any CPU
		Release|Any CPU = Release|Any CPU
	EndGlobalSection
	GlobalSection(ProjectConfigurationPlatforms) = postSolution
		{911CF8BC-30BA-4857-A52B-C33879086ADD}.Debug|Any CPU.ActiveCfg = Debug|Any CPU
		{911CF8BC-30BA-4857-A52B-C33879086ADD}.Debug|Any CPU.Build.0 = Debug|Any CPU
		{911CF8BC-30BA-4857-A52B-C33879086ADD}.Release|Any CPU.ActiveCfg = Release|Any CPU
		{911CF8BC-30BA-4857-A52B-C33879086ADD}.Release|Any CPU.Build.0 = Release|Any CPU
	EndGlobalSection
	GlobalSection(SolutionProperties) = preSolution
		HideSolutionNode = FALSE
	EndGlobalSection
	GlobalSection(ExtensibilityGlobals) = postSolution
		SolutionGuid = {F6E135C1-A8DA-486A-BB25-27E553308004}
	EndGlobalSection
EndGlobal
